
Microsoft Visual Studio Solution File, Format Version 12.00
# Visual Studio Version 17
VisualStudioVersion = 17.7.34202.233
MinimumVisualStudioVersion = 10.0.40219.1
Project("{FAE04EC0-301F-11D3-BF4B-00C04F79EFBC}") = "Supermarket-mvp1", "Supermarket-mvp1.csproj", "{F5B4C8F7-C174-49E8-AF5C-50095CE7C754}"
EndProject
Global
	GlobalSection(SolutionConfigurationPlatforms) = preSolution
		Debug|Any CPU = Debug|Any CPU
		Release|Any CPU = Release|Any CPU
	EndGlobalSection
	GlobalSection(ProjectConfigurationPlatforms) = postSolution
		{F5B4C8F7-C174-49E8-AF5C-50095CE7C754}.Debug|Any CPU.ActiveCfg = Debug|Any CPU
		{F5B4C8F7-C174-49E8-AF5C-50095CE7C754}.Debug|Any CPU.Build.0 = Debug|Any CPU
		{F5B4C8F7-C174-49E8-AF5C-50095CE7C754}.Release|Any CPU.ActiveCfg = Release|Any CPU
		{F5B4C8F7-C174-49E8-AF5C-50095CE7C754}.Release|Any CPU.Build.0 = Release|Any CPU
	EndGlobalSection
	GlobalSection(SolutionProperties) = preSolution
		HideSolutionNode = FALSE
	EndGlobalSection
	GlobalSection(ExtensibilityGlobals) = postSolution
		SolutionGuid = {6AE4C875-2553-40E8-B3E5-285372BEA144}
	EndGlobalSection
EndGlobal
